
Microsoft Visual Studio Solution File, Format Version 12.00
# Visual Studio Version 17
VisualStudioVersion = 17.7.34024.191
MinimumVisualStudioVersion = 10.0.40219.1
Project("{FAE04EC0-301F-11D3-BF4B-00C04F79EFBC}") = "DemoDataProviderFactory", "DemoDataProviderFactory\DemoDataProviderFactory.csproj", "{C9E659FA-4CEB-4D31-A7D8-D3E7D8633B9B}"
EndProject
Global
	GlobalSection(SolutionConfigurationPlatforms) = preSolution
		Debug|Any CPU = Debug|Any CPU
		Release|Any CPU = Release|Any CPU
	EndGlobalSection
	GlobalSection(ProjectConfigurationPlatforms) = postSolution
		{C9E659FA-4CEB-4D31-A7D8-D3E7D8633B9B}.Debug|Any CPU.ActiveCfg = Debug|Any CPU
		{C9E659FA-4CEB-4D31-A7D8-D3E7D8633B9B}.Debug|Any CPU.Build.0 = Debug|Any CPU
		{C9E659FA-4CEB-4D31-A7D8-D3E7D8633B9B}.Release|Any CPU.ActiveCfg = Release|Any CPU
		{C9E659FA-4CEB-4D31-A7D8-D3E7D8633B9B}.Release|Any CPU.Build.0 = Release|Any CPU
	EndGlobalSection
	GlobalSection(SolutionProperties) = preSolution
		HideSolutionNode = FALSE
	EndGlobalSection
	GlobalSection(ExtensibilityGlobals) = postSolution
		SolutionGuid = {BFC967CB-0E2E-4EBF-B0F8-D2B73DFE13FD}
	EndGlobalSection
EndGlobal
